// !$*UTF8*$!
{
	archiveVersion = 1;
	classes = {
	};
	objectVersion = 46;
	objects = {

/* Begin PBXBuildFile section */
		33B75E3C1E92DBE500B6DCCC /* GoogleService-Info.plist in Resources */ = {isa = PBXBuildFile; fileRef = 33B75E3B1E92DBE500B6DCCC /* GoogleService-Info.plist */; };
		33B75E3F1E92DCDE00B6DCCC /* Post.swift in Sources */ = {isa = PBXBuildFile; fileRef = 33B75E3E1E92DCDE00B6DCCC /* Post.swift */; };
		33B75E421E92E57E00B6DCCC /* NSObject.swift in Sources */ = {isa = PBXBuildFile; fileRef = 33B75E411E92E57E00B6DCCC /* NSObject.swift */; };
		33B75E461E9447BA00B6DCCC /* LoginViewController.swift in Sources */ = {isa = PBXBuildFile; fileRef = 33B75E451E9447BA00B6DCCC /* LoginViewController.swift */; };
		33B75E481E94556F00B6DCCC /* UIImageView.swift in Sources */ = {isa = PBXBuildFile; fileRef = 33B75E471E94556F00B6DCCC /* UIImageView.swift */; };
		33B75E4A1E94562700B6DCCC /* avatar.png in Resources */ = {isa = PBXBuildFile; fileRef = 33B75E491E94562700B6DCCC /* avatar.png */; };
		5D931CE61E83EEEA005051E9 /* AppDelegate.swift in Sources */ = {isa = PBXBuildFile; fileRef = 5D931CE51E83EEEA005051E9 /* AppDelegate.swift */; };
		5D931CED1E83EEEA005051E9 /* Assets.xcassets in Resources */ = {isa = PBXBuildFile; fileRef = 5D931CEC1E83EEEA005051E9 /* Assets.xcassets */; };
		5D931CF01E83EEEA005051E9 /* LaunchScreen.storyboard in Resources */ = {isa = PBXBuildFile; fileRef = 5D931CEE1E83EEEA005051E9 /* LaunchScreen.storyboard */; };
		5D931CFD1E83F110005051E9 /* TimeLine.storyboard in Resources */ = {isa = PBXBuildFile; fileRef = 5D931CFC1E83F110005051E9 /* TimeLine.storyboard */; };
		5D931D011E83F5D1005051E9 /* MainTimeLine.swift in Sources */ = {isa = PBXBuildFile; fileRef = 5D931D001E83F5D1005051E9 /* MainTimeLine.swift */; };
		5D931D031E83F67C005051E9 /* PostReview.swift in Sources */ = {isa = PBXBuildFile; fileRef = 5D931D021E83F67C005051E9 /* PostReview.swift */; };
		5D931D051E83F773005051E9 /* AuthorPostList.swift in Sources */ = {isa = PBXBuildFile; fileRef = 5D931D041E83F773005051E9 /* AuthorPostList.swift */; };
		5D931D071E83F7BA005051E9 /* NewPostController.swift in Sources */ = {isa = PBXBuildFile; fileRef = 5D931D061E83F7BA005051E9 /* NewPostController.swift */; };
		AEDB287DBD2698F894249467 /* Pods_KeepcodingMBaas.framework in Frameworks */ = {isa = PBXBuildFile; fileRef = 11C7AAAAB5BED70B0CFF64D6 /* Pods_KeepcodingMBaas.framework */; };
/* End PBXBuildFile section */

/* Begin PBXFileReference section */
		11C7AAAAB5BED70B0CFF64D6 /* Pods_KeepcodingMBaas.framework */ = {isa = PBXFileReference; explicitFileType = wrapper.framework; includeInIndex = 0; path = Pods_KeepcodingMBaas.framework; sourceTree = BUILT_PRODUCTS_DIR; };
		33B75E3B1E92DBE500B6DCCC /* GoogleService-Info.plist */ = {isa = PBXFileReference; fileEncoding = 4; lastKnownFileType = text.plist.xml; path = "GoogleService-Info.plist"; sourceTree = "<group>"; };
		33B75E3E1E92DCDE00B6DCCC /* Post.swift */ = {isa = PBXFileReference; fileEncoding = 4; lastKnownFileType = sourcecode.swift; path = Post.swift; sourceTree = "<group>"; };
		33B75E411E92E57E00B6DCCC /* NSObject.swift */ = {isa = PBXFileReference; fileEncoding = 4; lastKnownFileType = sourcecode.swift; path = NSObject.swift; sourceTree = "<group>"; };
		33B75E451E9447BA00B6DCCC /* LoginViewController.swift */ = {isa = PBXFileReference; fileEncoding = 4; lastKnownFileType = sourcecode.swift; path = LoginViewController.swift; sourceTree = "<group>"; };
		33B75E471E94556F00B6DCCC /* UIImageView.swift */ = {isa = PBXFileReference; fileEncoding = 4; lastKnownFileType = sourcecode.swift; path = UIImageView.swift; sourceTree = "<group>"; };
		33B75E491E94562700B6DCCC /* avatar.png */ = {isa = PBXFileReference; lastKnownFileType = image.png; path = avatar.png; sourceTree = "<group>"; };
		33B75E4B1E946A6800B6DCCC /* KeepcodingMBaas.entitlements */ = {isa = PBXFileReference; lastKnownFileType = text.plist.entitlements; path = KeepcodingMBaas.entitlements; sourceTree = SOURCE_ROOT; };
		5D931CE21E83EEEA005051E9 /* KeepcodingMBaas.app */ = {isa = PBXFileReference; explicitFileType = wrapper.application; includeInIndex = 0; path = KeepcodingMBaas.app; sourceTree = BUILT_PRODUCTS_DIR; };
		5D931CE51E83EEEA005051E9 /* AppDelegate.swift */ = {isa = PBXFileReference; lastKnownFileType = sourcecode.swift; path = AppDelegate.swift; sourceTree = "<group>"; };
		5D931CEC1E83EEEA005051E9 /* Assets.xcassets */ = {isa = PBXFileReference; lastKnownFileType = folder.assetcatalog; path = Assets.xcassets; sourceTree = "<group>"; };
		5D931CEF1E83EEEA005051E9 /* Base */ = {isa = PBXFileReference; lastKnownFileType = file.storyboard; name = Base; path = Base.lproj/LaunchScreen.storyboard; sourceTree = "<group>"; };
		5D931CF11E83EEEA005051E9 /* Info.plist */ = {isa = PBXFileReference; lastKnownFileType = text.plist.xml; path = Info.plist; sourceTree = "<group>"; };
		5D931CFC1E83F110005051E9 /* TimeLine.storyboard */ = {isa = PBXFileReference; fileEncoding = 4; lastKnownFileType = file.storyboard; path = TimeLine.storyboard; sourceTree = "<group>"; };
		5D931D001E83F5D1005051E9 /* MainTimeLine.swift */ = {isa = PBXFileReference; fileEncoding = 4; lastKnownFileType = sourcecode.swift; path = MainTimeLine.swift; sourceTree = "<group>"; };
		5D931D021E83F67C005051E9 /* PostReview.swift */ = {isa = PBXFileReference; fileEncoding = 4; lastKnownFileType = sourcecode.swift; path = PostReview.swift; sourceTree = "<group>"; };
		5D931D041E83F773005051E9 /* AuthorPostList.swift */ = {isa = PBXFileReference; fileEncoding = 4; lastKnownFileType = sourcecode.swift; path = AuthorPostList.swift; sourceTree = "<group>"; };
		5D931D061E83F7BA005051E9 /* NewPostController.swift */ = {isa = PBXFileReference; fileEncoding = 4; lastKnownFileType = sourcecode.swift; path = NewPostController.swift; sourceTree = "<group>"; };
		60012FEB6021D773E9874A4D /* Pods-KeepcodingMBaas.release.xcconfig */ = {isa = PBXFileReference; includeInIndex = 1; lastKnownFileType = text.xcconfig; name = "Pods-KeepcodingMBaas.release.xcconfig"; path = "Pods/Target Support Files/Pods-KeepcodingMBaas/Pods-KeepcodingMBaas.release.xcconfig"; sourceTree = "<group>"; };
		7DE9BA1F3D11F3FD2B8485A0 /* Pods-KeepcodingMBaas.debug.xcconfig */ = {isa = PBXFileReference; includeInIndex = 1; lastKnownFileType = text.xcconfig; name = "Pods-KeepcodingMBaas.debug.xcconfig"; path = "Pods/Target Support Files/Pods-KeepcodingMBaas/Pods-KeepcodingMBaas.debug.xcconfig"; sourceTree = "<group>"; };
/* End PBXFileReference section */

/* Begin PBXFrameworksBuildPhase section */
		5D931CDF1E83EEEA005051E9 /* Frameworks */ = {
			isa = PBXFrameworksBuildPhase;
			buildActionMask = 2147483647;
			files = (
				AEDB287DBD2698F894249467 /* Pods_KeepcodingMBaas.framework in Frameworks */,
			);
			runOnlyForDeploymentPostprocessing = 0;
		};
/* End PBXFrameworksBuildPhase section */

/* Begin PBXGroup section */
		33B75E3D1E92DCCC00B6DCCC /* Models */ = {
			isa = PBXGroup;
			children = (
				33B75E3E1E92DCDE00B6DCCC /* Post.swift */,
			);
			name = Models;
			sourceTree = "<group>";
		};
		33B75E401E92E56B00B6DCCC /* Helpers */ = {
			isa = PBXGroup;
			children = (
				33B75E411E92E57E00B6DCCC /* NSObject.swift */,
				33B75E471E94556F00B6DCCC /* UIImageView.swift */,
			);
			name = Helpers;
			sourceTree = "<group>";
		};
		5D931CD91E83EEEA005051E9 = {
			isa = PBXGroup;
			children = (
				5D931CE41E83EEEA005051E9 /* KeepcodingMBaas */,
				5D931CE31E83EEEA005051E9 /* Products */,
				6A082171C8DDE13C5AD622A9 /* Pods */,
				E3F08083604F5C1F8A34DCC7 /* Frameworks */,
			);
			sourceTree = "<group>";
		};
		5D931CE31E83EEEA005051E9 /* Products */ = {
			isa = PBXGroup;
			children = (
				5D931CE21E83EEEA005051E9 /* KeepcodingMBaas.app */,
			);
			name = Products;
			sourceTree = "<group>";
		};
		5D931CE41E83EEEA005051E9 /* KeepcodingMBaas */ = {
			isa = PBXGroup;
			children = (
				33B75E4B1E946A6800B6DCCC /* KeepcodingMBaas.entitlements */,
				5D931CF71E83F069005051E9 /* AppDelegate */,
				33B75E3D1E92DCCC00B6DCCC /* Models */,
				5D931CF81E83F076005051E9 /* ViewControllers */,
				33B75E401E92E56B00B6DCCC /* Helpers */,
				5D931CF91E83F087005051E9 /* Storyboards */,
				5D931CFB1E83F0A8005051E9 /* Resources */,
			);
			name = KeepcodingMBaas;
			path = PracticaBoot4;
			sourceTree = "<group>";
		};
		5D931CF71E83F069005051E9 /* AppDelegate */ = {
			isa = PBXGroup;
			children = (
				5D931CE51E83EEEA005051E9 /* AppDelegate.swift */,
			);
			name = AppDelegate;
			sourceTree = "<group>";
		};
		5D931CF81E83F076005051E9 /* ViewControllers */ = {
			isa = PBXGroup;
			children = (
				5D931D001E83F5D1005051E9 /* MainTimeLine.swift */,
				33B75E451E9447BA00B6DCCC /* LoginViewController.swift */,
				5D931D081E8414BB005051E9 /* All users */,
				5D931D091E8414CA005051E9 /* Auth Users */,
			);
			name = ViewControllers;
			sourceTree = "<group>";
		};
		5D931CF91E83F087005051E9 /* Storyboards */ = {
			isa = PBXGroup;
			children = (
				5D931CEE1E83EEEA005051E9 /* LaunchScreen.storyboard */,
				5D931CFC1E83F110005051E9 /* TimeLine.storyboard */,
			);
			name = Storyboards;
			sourceTree = "<group>";
		};
		5D931CFB1E83F0A8005051E9 /* Resources */ = {
			isa = PBXGroup;
			children = (
				33B75E491E94562700B6DCCC /* avatar.png */,
				33B75E3B1E92DBE500B6DCCC /* GoogleService-Info.plist */,
				5D931CEC1E83EEEA005051E9 /* Assets.xcassets */,
				5D931CF11E83EEEA005051E9 /* Info.plist */,
			);
			name = Resources;
			sourceTree = "<group>";
		};
		5D931D081E8414BB005051E9 /* All users */ = {
			isa = PBXGroup;
			children = (
				5D931D021E83F67C005051E9 /* PostReview.swift */,
			);
			name = "All users";
			sourceTree = "<group>";
		};
		5D931D091E8414CA005051E9 /* Auth Users */ = {
			isa = PBXGroup;
			children = (
				5D931D041E83F773005051E9 /* AuthorPostList.swift */,
				5D931D061E83F7BA005051E9 /* NewPostController.swift */,
			);
			name = "Auth Users";
			sourceTree = "<group>";
		};
		6A082171C8DDE13C5AD622A9 /* Pods */ = {
			isa = PBXGroup;
			children = (
				7DE9BA1F3D11F3FD2B8485A0 /* Pods-KeepcodingMBaas.debug.xcconfig */,
				60012FEB6021D773E9874A4D /* Pods-KeepcodingMBaas.release.xcconfig */,
			);
			name = Pods;
			sourceTree = "<group>";
		};
		E3F08083604F5C1F8A34DCC7 /* Frameworks */ = {
			isa = PBXGroup;
			children = (
				11C7AAAAB5BED70B0CFF64D6 /* Pods_KeepcodingMBaas.framework */,
			);
			name = Frameworks;
			sourceTree = "<group>";
		};
/* End PBXGroup section */

/* Begin PBXNativeTarget section */
		5D931CE11E83EEEA005051E9 /* KeepcodingMBaas */ = {
			isa = PBXNativeTarget;
			buildConfigurationList = 5D931CF41E83EEEA005051E9 /* Build configuration list for PBXNativeTarget "KeepcodingMBaas" */;
			buildPhases = (
				719C2C30446DD0D5E0940CEF /* [CP] Check Pods Manifest.lock */,
				5D931CDE1E83EEEA005051E9 /* Sources */,
				5D931CDF1E83EEEA005051E9 /* Frameworks */,
				5D931CE01E83EEEA005051E9 /* Resources */,
				AA2D2C08D3B24491CAD387BC /* [CP] Embed Pods Frameworks */,
				FB307BD972FB98F13BC95971 /* [CP] Copy Pods Resources */,
			);
			buildRules = (
			);
			dependencies = (
			);
			name = KeepcodingMBaas;
			productName = PracticaBoot4;
			productReference = 5D931CE21E83EEEA005051E9 /* KeepcodingMBaas.app */;
			productType = "com.apple.product-type.application";
		};
/* End PBXNativeTarget section */

/* Begin PBXProject section */
		5D931CDA1E83EEEA005051E9 /* Project object */ = {
			isa = PBXProject;
			attributes = {
				LastSwiftUpdateCheck = 0820;
				LastUpgradeCheck = 0820;
				ORGANIZATIONNAME = COM;
				TargetAttributes = {
					5D931CE11E83EEEA005051E9 = {
						CreatedOnToolsVersion = 8.2.1;
						DevelopmentTeam = 42UB6JE5FK;
						ProvisioningStyle = Automatic;
						SystemCapabilities = {
							com.apple.Keychain = {
								enabled = 1;
							};
						};
					};
				};
			};
			buildConfigurationList = 5D931CDD1E83EEEA005051E9 /* Build configuration list for PBXProject "KeepcodingMBaas" */;
			compatibilityVersion = "Xcode 3.2";
			developmentRegion = English;
			hasScannedForEncodings = 0;
			knownRegions = (
				en,
				Base,
			);
			mainGroup = 5D931CD91E83EEEA005051E9;
			productRefGroup = 5D931CE31E83EEEA005051E9 /* Products */;
			projectDirPath = "";
			projectRoot = "";
			targets = (
				5D931CE11E83EEEA005051E9 /* KeepcodingMBaas */,
			);
		};
/* End PBXProject section */

/* Begin PBXResourcesBuildPhase section */
		5D931CE01E83EEEA005051E9 /* Resources */ = {
			isa = PBXResourcesBuildPhase;
			buildActionMask = 2147483647;
			files = (
				5D931CFD1E83F110005051E9 /* TimeLine.storyboard in Resources */,
				33B75E4A1E94562700B6DCCC /* avatar.png in Resources */,
				33B75E3C1E92DBE500B6DCCC /* GoogleService-Info.plist in Resources */,
				5D931CF01E83EEEA005051E9 /* LaunchScreen.storyboard in Resources */,
				5D931CED1E83EEEA005051E9 /* Assets.xcassets in Resources */,
			);
			runOnlyForDeploymentPostprocessing = 0;
		};
/* End PBXResourcesBuildPhase section */

/* Begin PBXShellScriptBuildPhase section */
		719C2C30446DD0D5E0940CEF /* [CP] Check Pods Manifest.lock */ = {
			isa = PBXShellScriptBuildPhase;
			buildActionMask = 2147483647;
			files = (
			);
			inputPaths = (
			);
			name = "[CP] Check Pods Manifest.lock";
			outputPaths = (
			);
			runOnlyForDeploymentPostprocessing = 0;
			shellPath = /bin/sh;
			shellScript = "diff \"${PODS_ROOT}/../Podfile.lock\" \"${PODS_ROOT}/Manifest.lock\" > /dev/null\nif [ $? != 0 ] ; then\n    # print error to STDERR\n    echo \"error: The sandbox is not in sync with the Podfile.lock. Run 'pod install' or update your CocoaPods installation.\" >&2\n    exit 1\nfi\n";
			showEnvVarsInLog = 0;
		};
		AA2D2C08D3B24491CAD387BC /* [CP] Embed Pods Frameworks */ = {
			isa = PBXShellScriptBuildPhase;
			buildActionMask = 2147483647;
			files = (
			);
			inputPaths = (
			);
			name = "[CP] Embed Pods Frameworks";
			outputPaths = (
			);
			runOnlyForDeploymentPostprocessing = 0;
			shellPath = /bin/sh;
			shellScript = "\"${SRCROOT}/Pods/Target Support Files/Pods-KeepcodingMBaas/Pods-KeepcodingMBaas-frameworks.sh\"\n";
			showEnvVarsInLog = 0;
		};
		FB307BD972FB98F13BC95971 /* [CP] Copy Pods Resources */ = {
			isa = PBXShellScriptBuildPhase;
			buildActionMask = 2147483647;
			files = (
			);
			inputPaths = (
			);
			name = "[CP] Copy Pods Resources";
			outputPaths = (
			);
			runOnlyForDeploymentPostprocessing = 0;
			shellPath = /bin/sh;
			shellScript = "\"${SRCROOT}/Pods/Target Support Files/Pods-KeepcodingMBaas/Pods-KeepcodingMBaas-resources.sh\"\n";
			showEnvVarsInLog = 0;
		};
/* End PBXShellScriptBuildPhase section */

/* Begin PBXSourcesBuildPhase section */
		5D931CDE1E83EEEA005051E9 /* Sources */ = {
			isa = PBXSourcesBuildPhase;
			buildActionMask = 2147483647;
			files = (
				5D931D051E83F773005051E9 /* AuthorPostList.swift in Sources */,
				33B75E481E94556F00B6DCCC /* UIImageView.swift in Sources */,
				5D931CE61E83EEEA005051E9 /* AppDelegate.swift in Sources */,
				5D931D031E83F67C005051E9 /* PostReview.swift in Sources */,
				33B75E421E92E57E00B6DCCC /* NSObject.swift in Sources */,
				33B75E461E9447BA00B6DCCC /* LoginViewController.swift in Sources */,
				33B75E3F1E92DCDE00B6DCCC /* Post.swift in Sources */,
				5D931D071E83F7BA005051E9 /* NewPostController.swift in Sources */,
				5D931D011E83F5D1005051E9 /* MainTimeLine.swift in Sources */,
			);
			runOnlyForDeploymentPostprocessing = 0;
		};
/* End PBXSourcesBuildPhase section */

/* Begin PBXVariantGroup section */
		5D931CEE1E83EEEA005051E9 /* LaunchScreen.storyboard */ = {
			isa = PBXVariantGroup;
			children = (
				5D931CEF1E83EEEA005051E9 /* Base */,
			);
			name = LaunchScreen.storyboard;
			sourceTree = "<group>";
		};
/* End PBXVariantGroup section */

/* Begin XCBuildConfiguration section */
		5D931CF21E83EEEA005051E9 /* Debug */ = {
			isa = XCBuildConfiguration;
			buildSettings = {
				ALWAYS_SEARCH_USER_PATHS = NO;
				CLANG_ANALYZER_NONNULL = YES;
				CLANG_CXX_LANGUAGE_STANDARD = "gnu++0x";
				CLANG_CXX_LIBRARY = "libc++";
				CLANG_ENABLE_MODULES = YES;
				CLANG_ENABLE_OBJC_ARC = YES;
				CLANG_WARN_BOOL_CONVERSION = YES;
				CLANG_WARN_CONSTANT_CONVERSION = YES;
				CLANG_WARN_DIRECT_OBJC_ISA_USAGE = YES_ERROR;
				CLANG_WARN_DOCUMENTATION_COMMENTS = YES;
				CLANG_WARN_EMPTY_BODY = YES;
				CLANG_WARN_ENUM_CONVERSION = YES;
				CLANG_WARN_INFINITE_RECURSION = YES;
				CLANG_WARN_INT_CONVERSION = YES;
				CLANG_WARN_OBJC_ROOT_CLASS = YES_ERROR;
				CLANG_WARN_SUSPICIOUS_MOVE = YES;
				CLANG_WARN_UNREACHABLE_CODE = YES;
				CLANG_WARN__DUPLICATE_METHOD_MATCH = YES;
				"CODE_SIGN_IDENTITY[sdk=iphoneos*]" = "iPhone Developer";
				COPY_PHASE_STRIP = NO;
				DEBUG_INFORMATION_FORMAT = dwarf;
				ENABLE_STRICT_OBJC_MSGSEND = YES;
				ENABLE_TESTABILITY = YES;
				GCC_C_LANGUAGE_STANDARD = gnu99;
				GCC_DYNAMIC_NO_PIC = NO;
				GCC_NO_COMMON_BLOCKS = YES;
				GCC_OPTIMIZATION_LEVEL = 0;
				GCC_PREPROCESSOR_DEFINITIONS = (
					"DEBUG=1",
					"$(inherited)",
				);
				GCC_WARN_64_TO_32_BIT_CONVERSION = YES;
				GCC_WARN_ABOUT_RETURN_TYPE = YES_ERROR;
				GCC_WARN_UNDECLARED_SELECTOR = YES;
				GCC_WARN_UNINITIALIZED_AUTOS = YES_AGGRESSIVE;
				GCC_WARN_UNUSED_FUNCTION = YES;
				GCC_WARN_UNUSED_VARIABLE = YES;
				IPHONEOS_DEPLOYMENT_TARGET = 10.2;
				MTL_ENABLE_DEBUG_INFO = YES;
				ONLY_ACTIVE_ARCH = YES;
				SDKROOT = iphoneos;
				SWIFT_ACTIVE_COMPILATION_CONDITIONS = DEBUG;
				SWIFT_OPTIMIZATION_LEVEL = "-Onone";
				TARGETED_DEVICE_FAMILY = "1,2";
			};
			name = Debug;
		};
		5D931CF31E83EEEA005051E9 /* Release */ = {
			isa = XCBuildConfiguration;
			buildSettings = {
				ALWAYS_SEARCH_USER_PATHS = NO;
				CLANG_ANALYZER_NONNULL = YES;
				CLANG_CXX_LANGUAGE_STANDARD = "gnu++0x";
				CLANG_CXX_LIBRARY = "libc++";
				CLANG_ENABLE_MODULES = YES;
				CLANG_ENABLE_OBJC_ARC = YES;
				CLANG_WARN_BOOL_CONVERSION = YES;
				CLANG_WARN_CONSTANT_CONVERSION = YES;
				CLANG_WARN_DIRECT_OBJC_ISA_USAGE = YES_ERROR;
				CLANG_WARN_DOCUMENTATION_COMMENTS = YES;
				CLANG_WARN_EMPTY_BODY = YES;
				CLANG_WARN_ENUM_CONVERSION = YES;
				CLANG_WARN_INFINITE_RECURSION = YES;
				CLANG_WARN_INT_CONVERSION = YES;
				CLANG_WARN_OBJC_ROOT_CLASS = YES_ERROR;
				CLANG_WARN_SUSPICIOUS_MOVE = YES;
				CLANG_WARN_UNREACHABLE_CODE = YES;
				CLANG_WARN__DUPLICATE_METHOD_MATCH = YES;
				"CODE_SIGN_IDENTITY[sdk=iphoneos*]" = "iPhone Developer";
				COPY_PHASE_STRIP = NO;
				DEBUG_INFORMATION_FORMAT = "dwarf-with-dsym";
				ENABLE_NS_ASSERTIONS = NO;
				ENABLE_STRICT_OBJC_MSGSEND = YES;
				GCC_C_LANGUAGE_STANDARD = gnu99;
				GCC_NO_COMMON_BLOCKS = YES;
				GCC_WARN_64_TO_32_BIT_CONVERSION = YES;
				GCC_WARN_ABOUT_RETURN_TYPE = YES_ERROR;
				GCC_WARN_UNDECLARED_SELECTOR = YES;
				GCC_WARN_UNINITIALIZED_AUTOS = YES_AGGRESSIVE;
				GCC_WARN_UNUSED_FUNCTION = YES;
				GCC_WARN_UNUSED_VARIABLE = YES;
				IPHONEOS_DEPLOYMENT_TARGET = 10.2;
				MTL_ENABLE_DEBUG_INFO = NO;
				SDKROOT = iphoneos;
				SWIFT_OPTIMIZATION_LEVEL = "-Owholemodule";
				TARGETED_DEVICE_FAMILY = "1,2";
				VALIDATE_PRODUCT = YES;
			};
			name = Release;
		};
		5D931CF51E83EEEA005051E9 /* Debug */ = {
			isa = XCBuildConfiguration;
			baseConfigurationReference = 7DE9BA1F3D11F3FD2B8485A0 /* Pods-KeepcodingMBaas.debug.xcconfig */;
			buildSettings = {
				ASSETCATALOG_COMPILER_APPICON_NAME = AppIcon;
				CODE_SIGN_ENTITLEMENTS = KeepcodingMBaas.entitlements;
				DEVELOPMENT_TEAM = 42UB6JE5FK;
				INFOPLIST_FILE = PracticaBoot4/Info.plist;
				IPHONEOS_DEPLOYMENT_TARGET = 10.0;
				LD_RUNPATH_SEARCH_PATHS = "$(inherited) @executable_path/Frameworks";
				PRODUCT_BUNDLE_IDENTIFIER = and.erisco.keepcodingmbaas;
				PRODUCT_NAME = "$(TARGET_NAME)";
				SWIFT_VERSION = 3.0;
			};
			name = Debug;
		};
		5D931CF61E83EEEA005051E9 /* Release */ = {
			isa = XCBuildConfiguration;
			baseConfigurationReference = 60012FEB6021D773E9874A4D /* Pods-KeepcodingMBaas.release.xcconfig */;
			buildSettings = {
				ASSETCATALOG_COMPILER_APPICON_NAME = AppIcon;
				CODE_SIGN_ENTITLEMENTS = KeepcodingMBaas.entitlements;
				DEVELOPMENT_TEAM = 42UB6JE5FK;
				INFOPLIST_FILE = PracticaBoot4/Info.plist;
				IPHONEOS_DEPLOYMENT_TARGET = 10.0;
				LD_RUNPATH_SEARCH_PATHS = "$(inherited) @executable_path/Frameworks";
				PRODUCT_BUNDLE_IDENTIFIER = and.erisco.keepcodingmbaas;
				PRODUCT_NAME = "$(TARGET_NAME)";
				SWIFT_VERSION = 3.0;
			};
			name = Release;
		};
/* End XCBuildConfiguration section */

/* Begin XCConfigurationList section */
		5D931CDD1E83EEEA005051E9 /* Build configuration list for PBXProject "KeepcodingMBaas" */ = {
			isa = XCConfigurationList;
			buildConfigurations = (
				5D931CF21E83EEEA005051E9 /* Debug */,
				5D931CF31E83EEEA005051E9 /* Release */,
			);
			defaultConfigurationIsVisible = 0;
			defaultConfigurationName = Release;
		};
		5D931CF41E83EEEA005051E9 /* Build configuration list for PBXNativeTarget "KeepcodingMBaas" */ = {
			isa = XCConfigurationList;
			buildConfigurations = (
				5D931CF51E83EEEA005051E9 /* Debug */,
				5D931CF61E83EEEA005051E9 /* Release */,
			);
			defaultConfigurationIsVisible = 0;
			defaultConfigurationName = Release;
		};
/* End XCConfigurationList section */
	};
	rootObject = 5D931CDA1E83EEEA005051E9 /* Project object */;
}
